// !$*UTF8*$!
{
	archiveVersion = 1;
	classes = {
	};
	objectVersion = 46;
	objects = {

/* Begin PBXBuildFile section */
		349EE8E71EC023DE0046FDA0 /* AppDelegate.swift in Sources */ = {isa = PBXBuildFile; fileRef = 349EE8E61EC023DE0046FDA0 /* AppDelegate.swift */; };
		349EE8E91EC023DE0046FDA0 /* ViewController.swift in Sources */ = {isa = PBXBuildFile; fileRef = 349EE8E81EC023DE0046FDA0 /* ViewController.swift */; };
		349EE8EC1EC023DF0046FDA0 /* Main.storyboard in Resources */ = {isa = PBXBuildFile; fileRef = 349EE8EA1EC023DF0046FDA0 /* Main.storyboard */; };
		349EE8EE1EC023DF0046FDA0 /* Assets.xcassets in Resources */ = {isa = PBXBuildFile; fileRef = 349EE8ED1EC023DF0046FDA0 /* Assets.xcassets */; };
		349EE8F11EC023DF0046FDA0 /* LaunchScreen.storyboard in Resources */ = {isa = PBXBuildFile; fileRef = 349EE8EF1EC023DF0046FDA0 /* LaunchScreen.storyboard */; };
		349EE8FC1EC023DF0046FDA0 /* Radio_DVRTests.swift in Sources */ = {isa = PBXBuildFile; fileRef = 349EE8FB1EC023DF0046FDA0 /* Radio_DVRTests.swift */; };
		349EE9071EC023DF0046FDA0 /* Radio_DVRUITests.swift in Sources */ = {isa = PBXBuildFile; fileRef = 349EE9061EC023DF0046FDA0 /* Radio_DVRUITests.swift */; };
/* End PBXBuildFile section */

/* Begin PBXContainerItemProxy section */
		349EE8F81EC023DF0046FDA0 /* PBXContainerItemProxy */ = {
			isa = PBXContainerItemProxy;
			containerPortal = 349EE8DB1EC023DE0046FDA0 /* Project object */;
			proxyType = 1;
			remoteGlobalIDString = 349EE8E21EC023DE0046FDA0;
			remoteInfo = "Radio DVR";
		};
		349EE9031EC023DF0046FDA0 /* PBXContainerItemProxy */ = {
			isa = PBXContainerItemProxy;
			containerPortal = 349EE8DB1EC023DE0046FDA0 /* Project object */;
			proxyType = 1;
			remoteGlobalIDString = 349EE8E21EC023DE0046FDA0;
			remoteInfo = "Radio DVR";
		};
/* End PBXContainerItemProxy section */

/* Begin PBXFileReference section */
		349EE8E31EC023DE0046FDA0 /* Radio DVR.app */ = {isa = PBXFileReference; explicitFileType = wrapper.application; includeInIndex = 0; path = "Radio DVR.app"; sourceTree = BUILT_PRODUCTS_DIR; };
		349EE8E61EC023DE0046FDA0 /* AppDelegate.swift */ = {isa = PBXFileReference; lastKnownFileType = sourcecode.swift; path = AppDelegate.swift; sourceTree = "<group>"; };
		349EE8E81EC023DE0046FDA0 /* ViewController.swift */ = {isa = PBXFileReference; lastKnownFileType = sourcecode.swift; path = ViewController.swift; sourceTree = "<group>"; };
		349EE8EB1EC023DF0046FDA0 /* Base */ = {isa = PBXFileReference; lastKnownFileType = file.storyboard; name = Base; path = Base.lproj/Main.storyboard; sourceTree = "<group>"; };
		349EE8ED1EC023DF0046FDA0 /* Assets.xcassets */ = {isa = PBXFileReference; lastKnownFileType = folder.assetcatalog; path = Assets.xcassets; sourceTree = "<group>"; };
		349EE8F01EC023DF0046FDA0 /* Base */ = {isa = PBXFileReference; lastKnownFileType = file.storyboard; name = Base; path = Base.lproj/LaunchScreen.storyboard; sourceTree = "<group>"; };
		349EE8F21EC023DF0046FDA0 /* Info.plist */ = {isa = PBXFileReference; lastKnownFileType = text.plist.xml; path = Info.plist; sourceTree = "<group>"; };
		349EE8F71EC023DF0046FDA0 /* Radio DVRTests.xctest */ = {isa = PBXFileReference; explicitFileType = wrapper.cfbundle; includeInIndex = 0; path = "Radio DVRTests.xctest"; sourceTree = BUILT_PRODUCTS_DIR; };
		349EE8FB1EC023DF0046FDA0 /* Radio_DVRTests.swift */ = {isa = PBXFileReference; lastKnownFileType = sourcecode.swift; path = Radio_DVRTests.swift; sourceTree = "<group>"; };
		349EE8FD1EC023DF0046FDA0 /* Info.plist */ = {isa = PBXFileReference; lastKnownFileType = text.plist.xml; path = Info.plist; sourceTree = "<group>"; };
		349EE9021EC023DF0046FDA0 /* Radio DVRUITests.xctest */ = {isa = PBXFileReference; explicitFileType = wrapper.cfbundle; includeInIndex = 0; path = "Radio DVRUITests.xctest"; sourceTree = BUILT_PRODUCTS_DIR; };
		349EE9061EC023DF0046FDA0 /* Radio_DVRUITests.swift */ = {isa = PBXFileReference; lastKnownFileType = sourcecode.swift; path = Radio_DVRUITests.swift; sourceTree = "<group>"; };
		349EE9081EC023DF0046FDA0 /* Info.plist */ = {isa = PBXFileReference; lastKnownFileType = text.plist.xml; path = Info.plist; sourceTree = "<group>"; };
		349EE9141EC0241F0046FDA0 /* Radio DVR.entitlements */ = {isa = PBXFileReference; lastKnownFileType = text.plist.entitlements; path = "Radio DVR.entitlements"; sourceTree = "<group>"; };
/* End PBXFileReference section */

/* Begin PBXFrameworksBuildPhase section */
		349EE8E01EC023DE0046FDA0 /* Frameworks */ = {
			isa = PBXFrameworksBuildPhase;
			buildActionMask = 2147483647;
			files = (
			);
			runOnlyForDeploymentPostprocessing = 0;
		};
		349EE8F41EC023DF0046FDA0 /* Frameworks */ = {
			isa = PBXFrameworksBuildPhase;
			buildActionMask = 2147483647;
			files = (
			);
			runOnlyForDeploymentPostprocessing = 0;
		};
		349EE8FF1EC023DF0046FDA0 /* Frameworks */ = {
			isa = PBXFrameworksBuildPhase;
			buildActionMask = 2147483647;
			files = (
			);
			runOnlyForDeploymentPostprocessing = 0;
		};
/* End PBXFrameworksBuildPhase section */

/* Begin PBXGroup section */
		349EE8DA1EC023DE0046FDA0 = {
			isa = PBXGroup;
			children = (
				349EE8E51EC023DE0046FDA0 /* Radio DVR */,
				349EE8FA1EC023DF0046FDA0 /* Radio DVRTests */,
				349EE9051EC023DF0046FDA0 /* Radio DVRUITests */,
				349EE8E41EC023DE0046FDA0 /* Products */,
			);
			sourceTree = "<group>";
		};
		349EE8E41EC023DE0046FDA0 /* Products */ = {
			isa = PBXGroup;
			children = (
				349EE8E31EC023DE0046FDA0 /* Radio DVR.app */,
				349EE8F71EC023DF0046FDA0 /* Radio DVRTests.xctest */,
				349EE9021EC023DF0046FDA0 /* Radio DVRUITests.xctest */,
			);
			name = Products;
			sourceTree = "<group>";
		};
		349EE8E51EC023DE0046FDA0 /* Radio DVR */ = {
			isa = PBXGroup;
			children = (
				349EE9141EC0241F0046FDA0 /* Radio DVR.entitlements */,
				349EE8E61EC023DE0046FDA0 /* AppDelegate.swift */,
				349EE8E81EC023DE0046FDA0 /* ViewController.swift */,
				349EE8EA1EC023DF0046FDA0 /* Main.storyboard */,
				349EE8ED1EC023DF0046FDA0 /* Assets.xcassets */,
				349EE8EF1EC023DF0046FDA0 /* LaunchScreen.storyboard */,
				349EE8F21EC023DF0046FDA0 /* Info.plist */,
			);
			path = "Radio DVR";
			sourceTree = "<group>";
		};
		349EE8FA1EC023DF0046FDA0 /* Radio DVRTests */ = {
			isa = PBXGroup;
			children = (
				349EE8FB1EC023DF0046FDA0 /* Radio_DVRTests.swift */,
				349EE8FD1EC023DF0046FDA0 /* Info.plist */,
			);
			path = "Radio DVRTests";
			sourceTree = "<group>";
		};
		349EE9051EC023DF0046FDA0 /* Radio DVRUITests */ = {
			isa = PBXGroup;
			children = (
				349EE9061EC023DF0046FDA0 /* Radio_DVRUITests.swift */,
				349EE9081EC023DF0046FDA0 /* Info.plist */,
			);
			path = "Radio DVRUITests";
			sourceTree = "<group>";
		};
/* End PBXGroup section */

/* Begin PBXNativeTarget section */
		349EE8E21EC023DE0046FDA0 /* Radio DVR */ = {
			isa = PBXNativeTarget;
			buildConfigurationList = 349EE90B1EC023DF0046FDA0 /* Build configuration list for PBXNativeTarget "Radio DVR" */;
			buildPhases = (
				349EE8DF1EC023DE0046FDA0 /* Sources */,
				349EE8E01EC023DE0046FDA0 /* Frameworks */,
				349EE8E11EC023DE0046FDA0 /* Resources */,
			);
			buildRules = (
			);
			dependencies = (
			);
			name = "Radio DVR";
			productName = "Radio DVR";
			productReference = 349EE8E31EC023DE0046FDA0 /* Radio DVR.app */;
			productType = "com.apple.product-type.application";
		};
		349EE8F61EC023DF0046FDA0 /* Radio DVRTests */ = {
			isa = PBXNativeTarget;
			buildConfigurationList = 349EE90E1EC023DF0046FDA0 /* Build configuration list for PBXNativeTarget "Radio DVRTests" */;
			buildPhases = (
				349EE8F31EC023DF0046FDA0 /* Sources */,
				349EE8F41EC023DF0046FDA0 /* Frameworks */,
				349EE8F51EC023DF0046FDA0 /* Resources */,
			);
			buildRules = (
			);
			dependencies = (
				349EE8F91EC023DF0046FDA0 /* PBXTargetDependency */,
			);
			name = "Radio DVRTests";
			productName = "Radio DVRTests";
			productReference = 349EE8F71EC023DF0046FDA0 /* Radio DVRTests.xctest */;
			productType = "com.apple.product-type.bundle.unit-test";
		};
		349EE9011EC023DF0046FDA0 /* Radio DVRUITests */ = {
			isa = PBXNativeTarget;
			buildConfigurationList = 349EE9111EC023DF0046FDA0 /* Build configuration list for PBXNativeTarget "Radio DVRUITests" */;
			buildPhases = (
				349EE8FE1EC023DF0046FDA0 /* Sources */,
				349EE8FF1EC023DF0046FDA0 /* Frameworks */,
				349EE9001EC023DF0046FDA0 /* Resources */,
			);
			buildRules = (
			);
			dependencies = (
				349EE9041EC023DF0046FDA0 /* PBXTargetDependency */,
			);
			name = "Radio DVRUITests";
			productName = "Radio DVRUITests";
			productReference = 349EE9021EC023DF0046FDA0 /* Radio DVRUITests.xctest */;
			productType = "com.apple.product-type.bundle.ui-testing";
		};
/* End PBXNativeTarget section */

/* Begin PBXProject section */
		349EE8DB1EC023DE0046FDA0 /* Project object */ = {
			isa = PBXProject;
			attributes = {
				LastSwiftUpdateCheck = 0820;
				LastUpgradeCheck = 0820;
				ORGANIZATIONNAME = "Matt Kiernan";
				TargetAttributes = {
					349EE8E21EC023DE0046FDA0 = {
						CreatedOnToolsVersion = 8.2.1;
						DevelopmentTeam = FHYH9M7LGU;
						ProvisioningStyle = Automatic;
						SystemCapabilities = {
							com.apple.BackgroundModes = {
								enabled = 1;
							};
							com.apple.Push = {
								enabled = 1;
							};
						};
					};
					349EE8F61EC023DF0046FDA0 = {
						CreatedOnToolsVersion = 8.2.1;
						DevelopmentTeam = FHYH9M7LGU;
						ProvisioningStyle = Automatic;
						TestTargetID = 349EE8E21EC023DE0046FDA0;
					};
					349EE9011EC023DF0046FDA0 = {
						CreatedOnToolsVersion = 8.2.1;
						DevelopmentTeam = FHYH9M7LGU;
						ProvisioningStyle = Automatic;
						TestTargetID = 349EE8E21EC023DE0046FDA0;
					};
				};
			};
			buildConfigurationList = 349EE8DE1EC023DE0046FDA0 /* Build configuration list for PBXProject "Radio DVR" */;
			compatibilityVersion = "Xcode 3.2";
			developmentRegion = English;
			hasScannedForEncodings = 0;
			knownRegions = (
				en,
				Base,
			);
			mainGroup = 349EE8DA1EC023DE0046FDA0;
			productRefGroup = 349EE8E41EC023DE0046FDA0 /* Products */;
			projectDirPath = "";
			projectRoot = "";
			targets = (
				349EE8E21EC023DE0046FDA0 /* Radio DVR */,
				349EE8F61EC023DF0046FDA0 /* Radio DVRTests */,
				349EE9011EC023DF0046FDA0 /* Radio DVRUITests */,
			);
		};
/* End PBXProject section */

/* Begin PBXResourcesBuildPhase section */
		349EE8E11EC023DE0046FDA0 /* Resources */ = {
			isa = PBXResourcesBuildPhase;
			buildActionMask = 2147483647;
			files = (
				349EE8F11EC023DF0046FDA0 /* LaunchScreen.storyboard in Resources */,
				349EE8EE1EC023DF0046FDA0 /* Assets.xcassets in Resources */,
				349EE8EC1EC023DF0046FDA0 /* Main.storyboard in Resources */,
			);
			runOnlyForDeploymentPostprocessing = 0;
		};
		349EE8F51EC023DF0046FDA0 /* Resources */ = {
			isa = PBXResourcesBuildPhase;
			buildActionMask = 2147483647;
			files = (
			);
			runOnlyForDeploymentPostprocessing = 0;
		};
		349EE9001EC023DF0046FDA0 /* Resources */ = {
			isa = PBXResourcesBuildPhase;
			buildActionMask = 2147483647;
			files = (
			);
			runOnlyForDeploymentPostprocessing = 0;
		};
/* End PBXResourcesBuildPhase section */

/* Begin PBXSourcesBuildPhase section */
		349EE8DF1EC023DE0046FDA0 /* Sources */ = {
			isa = PBXSourcesBuildPhase;
			buildActionMask = 2147483647;
			files = (
				349EE8E91EC023DE0046FDA0 /* ViewController.swift in Sources */,
				349EE8E71EC023DE0046FDA0 /* AppDelegate.swift in Sources */,
			);
			runOnlyForDeploymentPostprocessing = 0;
		};
		349EE8F31EC023DF0046FDA0 /* Sources */ = {
			isa = PBXSourcesBuildPhase;
			buildActionMask = 2147483647;
			files = (
				349EE8FC1EC023DF0046FDA0 /* Radio_DVRTests.swift in Sources */,
			);
			runOnlyForDeploymentPostprocessing = 0;
		};
		349EE8FE1EC023DF0046FDA0 /* Sources */ = {
			isa = PBXSourcesBuildPhase;
			buildActionMask = 2147483647;
			files = (
				349EE9071EC023DF0046FDA0 /* Radio_DVRUITests.swift in Sources */,
			);
			runOnlyForDeploymentPostprocessing = 0;
		};
/* End PBXSourcesBuildPhase section */

/* Begin PBXTargetDependency section */
		349EE8F91EC023DF0046FDA0 /* PBXTargetDependency */ = {
			isa = PBXTargetDependency;
			target = 349EE8E21EC023DE0046FDA0 /* Radio DVR */;
			targetProxy = 349EE8F81EC023DF0046FDA0 /* PBXContainerItemProxy */;
		};
		349EE9041EC023DF0046FDA0 /* PBXTargetDependency */ = {
			isa = PBXTargetDependency;
			target = 349EE8E21EC023DE0046FDA0 /* Radio DVR */;
			targetProxy = 349EE9031EC023DF0046FDA0 /* PBXContainerItemProxy */;
		};
/* End PBXTargetDependency section */

/* Begin PBXVariantGroup section */
		349EE8EA1EC023DF0046FDA0 /* Main.storyboard */ = {
			isa = PBXVariantGroup;
			children = (
				349EE8EB1EC023DF0046FDA0 /* Base */,
			);
			name = Main.storyboard;
			sourceTree = "<group>";
		};
		349EE8EF1EC023DF0046FDA0 /* LaunchScreen.storyboard */ = {
			isa = PBXVariantGroup;
			children = (
				349EE8F01EC023DF0046FDA0 /* Base */,
			);
			name = LaunchScreen.storyboard;
			sourceTree = "<group>";
		};
/* End PBXVariantGroup section */

/* Begin XCBuildConfiguration section */
		349EE9091EC023DF0046FDA0 /* Debug */ = {
			isa = XCBuildConfiguration;
			buildSettings = {
				ALWAYS_SEARCH_USER_PATHS = NO;
				CLANG_ANALYZER_NONNULL = YES;
				CLANG_CXX_LANGUAGE_STANDARD = "gnu++0x";
				CLANG_CXX_LIBRARY = "libc++";
				CLANG_ENABLE_MODULES = YES;
				CLANG_ENABLE_OBJC_ARC = YES;
				CLANG_WARN_BOOL_CONVERSION = YES;
				CLANG_WARN_CONSTANT_CONVERSION = YES;
				CLANG_WARN_DIRECT_OBJC_ISA_USAGE = YES_ERROR;
				CLANG_WARN_DOCUMENTATION_COMMENTS = YES;
				CLANG_WARN_EMPTY_BODY = YES;
				CLANG_WARN_ENUM_CONVERSION = YES;
				CLANG_WARN_INFINITE_RECURSION = YES;
				CLANG_WARN_INT_CONVERSION = YES;
				CLANG_WARN_OBJC_ROOT_CLASS = YES_ERROR;
				CLANG_WARN_SUSPICIOUS_MOVE = YES;
				CLANG_WARN_UNREACHABLE_CODE = YES;
				CLANG_WARN__DUPLICATE_METHOD_MATCH = YES;
				"CODE_SIGN_IDENTITY[sdk=iphoneos*]" = "iPhone Developer";
				COPY_PHASE_STRIP = NO;
				DEBUG_INFORMATION_FORMAT = dwarf;
				ENABLE_STRICT_OBJC_MSGSEND = YES;
				ENABLE_TESTABILITY = YES;
				GCC_C_LANGUAGE_STANDARD = gnu99;
				GCC_DYNAMIC_NO_PIC = NO;
				GCC_NO_COMMON_BLOCKS = YES;
				GCC_OPTIMIZATION_LEVEL = 0;
				GCC_PREPROCESSOR_DEFINITIONS = (
					"DEBUG=1",
					"$(inherited)",
				);
				GCC_WARN_64_TO_32_BIT_CONVERSION = YES;
				GCC_WARN_ABOUT_RETURN_TYPE = YES_ERROR;
				GCC_WARN_UNDECLARED_SELECTOR = YES;
				GCC_WARN_UNINITIALIZED_AUTOS = YES_AGGRESSIVE;
				GCC_WARN_UNUSED_FUNCTION = YES;
				GCC_WARN_UNUSED_VARIABLE = YES;
				IPHONEOS_DEPLOYMENT_TARGET = 10.2;
				MTL_ENABLE_DEBUG_INFO = YES;
				ONLY_ACTIVE_ARCH = YES;
				SDKROOT = iphoneos;
				SWIFT_ACTIVE_COMPILATION_CONDITIONS = DEBUG;
				SWIFT_OPTIMIZATION_LEVEL = "-Onone";
				TARGETED_DEVICE_FAMILY = "1,2";
			};
			name = Debug;
		};
		349EE90A1EC023DF0046FDA0 /* Release */ = {
			isa = XCBuildConfiguration;
			buildSettings = {
				ALWAYS_SEARCH_USER_PATHS = NO;
				CLANG_ANALYZER_NONNULL = YES;
				CLANG_CXX_LANGUAGE_STANDARD = "gnu++0x";
				CLANG_CXX_LIBRARY = "libc++";
				CLANG_ENABLE_MODULES = YES;
				CLANG_ENABLE_OBJC_ARC = YES;
				CLANG_WARN_BOOL_CONVERSION = YES;
				CLANG_WARN_CONSTANT_CONVERSION = YES;
				CLANG_WARN_DIRECT_OBJC_ISA_USAGE = YES_ERROR;
				CLANG_WARN_DOCUMENTATION_COMMENTS = YES;
				CLANG_WARN_EMPTY_BODY = YES;
				CLANG_WARN_ENUM_CONVERSION = YES;
				CLANG_WARN_INFINITE_RECURSION = YES;
				CLANG_WARN_INT_CONVERSION = YES;
				CLANG_WARN_OBJC_ROOT_CLASS = YES_ERROR;
				CLANG_WARN_SUSPICIOUS_MOVE = YES;
				CLANG_WARN_UNREACHABLE_CODE = YES;
				CLANG_WARN__DUPLICATE_METHOD_MATCH = YES;
				"CODE_SIGN_IDENTITY[sdk=iphoneos*]" = "iPhone Developer";
				COPY_PHASE_STRIP = NO;
				DEBUG_INFORMATION_FORMAT = "dwarf-with-dsym";
				ENABLE_NS_ASSERTIONS = NO;
				ENABLE_STRICT_OBJC_MSGSEND = YES;
				GCC_C_LANGUAGE_STANDARD = gnu99;
				GCC_NO_COMMON_BLOCKS = YES;
				GCC_WARN_64_TO_32_BIT_CONVERSION = YES;
				GCC_WARN_ABOUT_RETURN_TYPE = YES_ERROR;
				GCC_WARN_UNDECLARED_SELECTOR = YES;
				GCC_WARN_UNINITIALIZED_AUTOS = YES_AGGRESSIVE;
				GCC_WARN_UNUSED_FUNCTION = YES;
				GCC_WARN_UNUSED_VARIABLE = YES;
				IPHONEOS_DEPLOYMENT_TARGET = 10.2;
				MTL_ENABLE_DEBUG_INFO = NO;
				SDKROOT = iphoneos;
				SWIFT_OPTIMIZATION_LEVEL = "-Owholemodule";
				TARGETED_DEVICE_FAMILY = "1,2";
				VALIDATE_PRODUCT = YES;
			};
			name = Release;
		};
		349EE90C1EC023DF0046FDA0 /* Debug */ = {
			isa = XCBuildConfiguration;
			buildSettings = {
				ASSETCATALOG_COMPILER_APPICON_NAME = AppIcon;
				CODE_SIGN_ENTITLEMENTS = "Radio DVR/Radio DVR.entitlements";
				DEVELOPMENT_TEAM = FHYH9M7LGU;
				INFOPLIST_FILE = "Radio DVR/Info.plist";
				LD_RUNPATH_SEARCH_PATHS = "$(inherited) @executable_path/Frameworks";
				PRODUCT_BUNDLE_IDENTIFIER = "kiernan-creations.Radio-DVR";
				PRODUCT_NAME = "$(TARGET_NAME)";
				SWIFT_VERSION = 3.0;
			};
			name = Debug;
		};
		349EE90D1EC023DF0046FDA0 /* Release */ = {
			isa = XCBuildConfiguration;
			buildSettings = {
				ASSETCATALOG_COMPILER_APPICON_NAME = AppIcon;
				CODE_SIGN_ENTITLEMENTS = "Radio DVR/Radio DVR.entitlements";
				DEVELOPMENT_TEAM = FHYH9M7LGU;
				INFOPLIST_FILE = "Radio DVR/Info.plist";
				LD_RUNPATH_SEARCH_PATHS = "$(inherited) @executable_path/Frameworks";
				PRODUCT_BUNDLE_IDENTIFIER = "kiernan-creations.Radio-DVR";
				PRODUCT_NAME = "$(TARGET_NAME)";
				SWIFT_VERSION = 3.0;
			};
			name = Release;
		};
		349EE90F1EC023DF0046FDA0 /* Debug */ = {
			isa = XCBuildConfiguration;
			buildSettings = {
				ALWAYS_EMBED_SWIFT_STANDARD_LIBRARIES = YES;
				BUNDLE_LOADER = "$(TEST_HOST)";
				DEVELOPMENT_TEAM = FHYH9M7LGU;
				INFOPLIST_FILE = "Radio DVRTests/Info.plist";
				LD_RUNPATH_SEARCH_PATHS = "$(inherited) @executable_path/Frameworks @loader_path/Frameworks";
				PRODUCT_BUNDLE_IDENTIFIER = "kiernan-creations.Radio-DVRTests";
				PRODUCT_NAME = "$(TARGET_NAME)";
				SWIFT_VERSION = 3.0;
				TEST_HOST = "$(BUILT_PRODUCTS_DIR)/Radio DVR.app/Radio DVR";
			};
			name = Debug;
		};
		349EE9101EC023DF0046FDA0 /* Release */ = {
			isa = XCBuildConfiguration;
			buildSettings = {
				ALWAYS_EMBED_SWIFT_STANDARD_LIBRARIES = YES;
				BUNDLE_LOADER = "$(TEST_HOST)";
				DEVELOPMENT_TEAM = FHYH9M7LGU;
				INFOPLIST_FILE = "Radio DVRTests/Info.plist";
				LD_RUNPATH_SEARCH_PATHS = "$(inherited) @executable_path/Frameworks @loader_path/Frameworks";
				PRODUCT_BUNDLE_IDENTIFIER = "kiernan-creations.Radio-DVRTests";
				PRODUCT_NAME = "$(TARGET_NAME)";
				SWIFT_VERSION = 3.0;
				TEST_HOST = "$(BUILT_PRODUCTS_DIR)/Radio DVR.app/Radio DVR";
			};
			name = Release;
		};
		349EE9121EC023DF0046FDA0 /* Debug */ = {
			isa = XCBuildConfiguration;
			buildSettings = {
				ALWAYS_EMBED_SWIFT_STANDARD_LIBRARIES = YES;
				DEVELOPMENT_TEAM = FHYH9M7LGU;
				INFOPLIST_FILE = "Radio DVRUITests/Info.plist";
				LD_RUNPATH_SEARCH_PATHS = "$(inherited) @executable_path/Frameworks @loader_path/Frameworks";
				PRODUCT_BUNDLE_IDENTIFIER = "kiernan-creations.Radio-DVRUITests";
				PRODUCT_NAME = "$(TARGET_NAME)";
				SWIFT_VERSION = 3.0;
				TEST_TARGET_NAME = "Radio DVR";
			};
			name = Debug;
		};
		349EE9131EC023DF0046FDA0 /* Release */ = {
			isa = XCBuildConfiguration;
			buildSettings = {
				ALWAYS_EMBED_SWIFT_STANDARD_LIBRARIES = YES;
				DEVELOPMENT_TEAM = FHYH9M7LGU;
				INFOPLIST_FILE = "Radio DVRUITests/Info.plist";
				LD_RUNPATH_SEARCH_PATHS = "$(inherited) @executable_path/Frameworks @loader_path/Frameworks";
				PRODUCT_BUNDLE_IDENTIFIER = "kiernan-creations.Radio-DVRUITests";
				PRODUCT_NAME = "$(TARGET_NAME)";
				SWIFT_VERSION = 3.0;
				TEST_TARGET_NAME = "Radio DVR";
			};
			name = Release;
		};
/* End XCBuildConfiguration section */

/* Begin XCConfigurationList section */
		349EE8DE1EC023DE0046FDA0 /* Build configuration list for PBXProject "Radio DVR" */ = {
			isa = XCConfigurationList;
			buildConfigurations = (
				349EE9091EC023DF0046FDA0 /* Debug */,
				349EE90A1EC023DF0046FDA0 /* Release */,
			);
			defaultConfigurationIsVisible = 0;
			defaultConfigurationName = Release;
		};
		349EE90B1EC023DF0046FDA0 /* Build configuration list for PBXNativeTarget "Radio DVR" */ = {
			isa = XCConfigurationList;
			buildConfigurations = (
				349EE90C1EC023DF0046FDA0 /* Debug */,
				349EE90D1EC023DF0046FDA0 /* Release */,
			);
			defaultConfigurationIsVisible = 0;
		};
		349EE90E1EC023DF0046FDA0 /* Build configuration list for PBXNativeTarget "Radio DVRTests" */ = {
			isa = XCConfigurationList;
			buildConfigurations = (
				349EE90F1EC023DF0046FDA0 /* Debug */,
				349EE9101EC023DF0046FDA0 /* Release */,
			);
			defaultConfigurationIsVisible = 0;
		};
		349EE9111EC023DF0046FDA0 /* Build configuration list for PBXNativeTarget "Radio DVRUITests" */ = {
			isa = XCConfigurationList;
			buildConfigurations = (
				349EE9121EC023DF0046FDA0 /* Debug */,
				349EE9131EC023DF0046FDA0 /* Release */,
			);
			defaultConfigurationIsVisible = 0;
		};
/* End XCConfigurationList section */
	};
	rootObject = 349EE8DB1EC023DE0046FDA0 /* Project object */;
}
